// !$*UTF8*$!
{
	archiveVersion = 1;
	classes = {
	};
	objectVersion = 46;
	objects = {

/* Begin PBXBuildFile section */
		4395028E19F44EEB006C6DB7 /* main.m in Sources */ = {isa = PBXBuildFile; fileRef = 4395028D19F44EEB006C6DB7 /* main.m */; };
		4395029119F44EEB006C6DB7 /* AppDelegate.m in Sources */ = {isa = PBXBuildFile; fileRef = 4395029019F44EEB006C6DB7 /* AppDelegate.m */; };
		4395029419F44EEB006C6DB7 /* ViewController.m in Sources */ = {isa = PBXBuildFile; fileRef = 4395029319F44EEB006C6DB7 /* ViewController.m */; };
		4395029919F44EEB006C6DB7 /* Images.xcassets in Resources */ = {isa = PBXBuildFile; fileRef = 4395029819F44EEB006C6DB7 /* Images.xcassets */; };
		439502A819F44EEB006C6DB7 /* PingAppProtoTests.m in Sources */ = {isa = PBXBuildFile; fileRef = 439502A719F44EEB006C6DB7 /* PingAppProtoTests.m */; };
		439502B419F4501A006C6DB7 /* Bolts.framework in Frameworks */ = {isa = PBXBuildFile; fileRef = 439502B219F4501A006C6DB7 /* Bolts.framework */; };
		439502B519F4501A006C6DB7 /* Parse.framework in Frameworks */ = {isa = PBXBuildFile; fileRef = 439502B319F4501A006C6DB7 /* Parse.framework */; };
		439502B619F4502C006C6DB7 /* Bolts.framework in Frameworks */ = {isa = PBXBuildFile; fileRef = 439502B219F4501A006C6DB7 /* Bolts.framework */; };
		439502B719F4502C006C6DB7 /* Parse.framework in Frameworks */ = {isa = PBXBuildFile; fileRef = 439502B319F4501A006C6DB7 /* Parse.framework */; };
		439502B919F45036006C6DB7 /* MapKit.framework in Frameworks */ = {isa = PBXBuildFile; fileRef = 439502B819F45036006C6DB7 /* MapKit.framework */; };
		439502BB19F4503F006C6DB7 /* SystemConfiguration.framework in Frameworks */ = {isa = PBXBuildFile; fileRef = 439502BA19F4503F006C6DB7 /* SystemConfiguration.framework */; };
		439502BD19F45045006C6DB7 /* StoreKit.framework in Frameworks */ = {isa = PBXBuildFile; fileRef = 439502BC19F45045006C6DB7 /* StoreKit.framework */; };
		439502BF19F4504E006C6DB7 /* Social.framework in Frameworks */ = {isa = PBXBuildFile; fileRef = 439502BE19F4504E006C6DB7 /* Social.framework */; };
		439502C119F45055006C6DB7 /* Security.framework in Frameworks */ = {isa = PBXBuildFile; fileRef = 439502C019F45055006C6DB7 /* Security.framework */; };
		439502C319F4505C006C6DB7 /* QuartzCore.framework in Frameworks */ = {isa = PBXBuildFile; fileRef = 439502C219F4505C006C6DB7 /* QuartzCore.framework */; };
		439502C519F45064006C6DB7 /* MobileCoreServices.framework in Frameworks */ = {isa = PBXBuildFile; fileRef = 439502C419F45064006C6DB7 /* MobileCoreServices.framework */; };
		439502C719F4506B006C6DB7 /* libz.dylib in Frameworks */ = {isa = PBXBuildFile; fileRef = 439502C619F4506B006C6DB7 /* libz.dylib */; };
		439502C919F45072006C6DB7 /* CoreLocation.framework in Frameworks */ = {isa = PBXBuildFile; fileRef = 439502C819F45072006C6DB7 /* CoreLocation.framework */; };
		439502CB19F45078006C6DB7 /* CoreGraphics.framework in Frameworks */ = {isa = PBXBuildFile; fileRef = 439502CA19F45078006C6DB7 /* CoreGraphics.framework */; };
		439502CD19F4507F006C6DB7 /* CFNetwork.framework in Frameworks */ = {isa = PBXBuildFile; fileRef = 439502CC19F4507F006C6DB7 /* CFNetwork.framework */; };
		439502CF19F45085006C6DB7 /* AudioToolbox.framework in Frameworks */ = {isa = PBXBuildFile; fileRef = 439502CE19F45085006C6DB7 /* AudioToolbox.framework */; };
		439502D119F4508A006C6DB7 /* Accounts.framework in Frameworks */ = {isa = PBXBuildFile; fileRef = 439502D019F4508A006C6DB7 /* Accounts.framework */; };
		439502D219F450DB006C6DB7 /* MapKit.framework in Frameworks */ = {isa = PBXBuildFile; fileRef = 439502B819F45036006C6DB7 /* MapKit.framework */; };
		439502D319F450E6006C6DB7 /* SystemConfiguration.framework in Frameworks */ = {isa = PBXBuildFile; fileRef = 439502BA19F4503F006C6DB7 /* SystemConfiguration.framework */; };
		439502D419F450EE006C6DB7 /* StoreKit.framework in Frameworks */ = {isa = PBXBuildFile; fileRef = 439502BC19F45045006C6DB7 /* StoreKit.framework */; };
		439502D519F450F3006C6DB7 /* Social.framework in Frameworks */ = {isa = PBXBuildFile; fileRef = 439502BE19F4504E006C6DB7 /* Social.framework */; };
		439502D619F450F9006C6DB7 /* Security.framework in Frameworks */ = {isa = PBXBuildFile; fileRef = 439502C019F45055006C6DB7 /* Security.framework */; };
		439502D719F45100006C6DB7 /* QuartzCore.framework in Frameworks */ = {isa = PBXBuildFile; fileRef = 439502C219F4505C006C6DB7 /* QuartzCore.framework */; };
		439502D819F45106006C6DB7 /* MobileCoreServices.framework in Frameworks */ = {isa = PBXBuildFile; fileRef = 439502C419F45064006C6DB7 /* MobileCoreServices.framework */; };
		439502D919F4510C006C6DB7 /* libz.dylib in Frameworks */ = {isa = PBXBuildFile; fileRef = 439502C619F4506B006C6DB7 /* libz.dylib */; };
		439502DA19F45112006C6DB7 /* CoreLocation.framework in Frameworks */ = {isa = PBXBuildFile; fileRef = 439502C819F45072006C6DB7 /* CoreLocation.framework */; };
		439502DB19F45118006C6DB7 /* CoreGraphics.framework in Frameworks */ = {isa = PBXBuildFile; fileRef = 439502CA19F45078006C6DB7 /* CoreGraphics.framework */; };
		439502DC19F4511F006C6DB7 /* CFNetwork.framework in Frameworks */ = {isa = PBXBuildFile; fileRef = 439502CC19F4507F006C6DB7 /* CFNetwork.framework */; };
		439502DD19F45127006C6DB7 /* AudioToolbox.framework in Frameworks */ = {isa = PBXBuildFile; fileRef = 439502CE19F45085006C6DB7 /* AudioToolbox.framework */; };
		439502DE19F4512E006C6DB7 /* Accounts.framework in Frameworks */ = {isa = PBXBuildFile; fileRef = 439502D019F4508A006C6DB7 /* Accounts.framework */; };
		439502E119F45986006C6DB7 /* Default-568h@2x.png in Resources */ = {isa = PBXBuildFile; fileRef = 439502E019F45986006C6DB7 /* Default-568h@2x.png */; };
		439502EB19F461DE006C6DB7 /* Launch Screen.xib in Resources */ = {isa = PBXBuildFile; fileRef = 439502EA19F461DE006C6DB7 /* Launch Screen.xib */; };
/* End PBXBuildFile section */

/* Begin PBXContainerItemProxy section */
		439502A219F44EEB006C6DB7 /* PBXContainerItemProxy */ = {
			isa = PBXContainerItemProxy;
			containerPortal = 4395028019F44EEA006C6DB7 /* Project object */;
			proxyType = 1;
			remoteGlobalIDString = 4395028719F44EEB006C6DB7;
			remoteInfo = PingAppProto;
		};
/* End PBXContainerItemProxy section */

/* Begin PBXFileReference section */
		4395028819F44EEB006C6DB7 /* PingAppProto.app */ = {isa = PBXFileReference; explicitFileType = wrapper.application; includeInIndex = 0; path = PingAppProto.app; sourceTree = BUILT_PRODUCTS_DIR; };
		4395028C19F44EEB006C6DB7 /* Info.plist */ = {isa = PBXFileReference; lastKnownFileType = text.plist.xml; path = Info.plist; sourceTree = "<group>"; };
		4395028D19F44EEB006C6DB7 /* main.m */ = {isa = PBXFileReference; lastKnownFileType = sourcecode.c.objc; path = main.m; sourceTree = "<group>"; };
		4395028F19F44EEB006C6DB7 /* AppDelegate.h */ = {isa = PBXFileReference; lastKnownFileType = sourcecode.c.h; path = AppDelegate.h; sourceTree = "<group>"; };
		4395029019F44EEB006C6DB7 /* AppDelegate.m */ = {isa = PBXFileReference; lastKnownFileType = sourcecode.c.objc; path = AppDelegate.m; sourceTree = "<group>"; };
		4395029219F44EEB006C6DB7 /* ViewController.h */ = {isa = PBXFileReference; lastKnownFileType = sourcecode.c.h; path = ViewController.h; sourceTree = "<group>"; };
		4395029319F44EEB006C6DB7 /* ViewController.m */ = {isa = PBXFileReference; lastKnownFileType = sourcecode.c.objc; path = ViewController.m; sourceTree = "<group>"; };
		4395029819F44EEB006C6DB7 /* Images.xcassets */ = {isa = PBXFileReference; lastKnownFileType = folder.assetcatalog; path = Images.xcassets; sourceTree = "<group>"; };
		439502A119F44EEB006C6DB7 /* PingAppProtoTests.xctest */ = {isa = PBXFileReference; explicitFileType = wrapper.cfbundle; includeInIndex = 0; path = PingAppProtoTests.xctest; sourceTree = BUILT_PRODUCTS_DIR; };
		439502A619F44EEB006C6DB7 /* Info.plist */ = {isa = PBXFileReference; lastKnownFileType = text.plist.xml; path = Info.plist; sourceTree = "<group>"; };
		439502A719F44EEB006C6DB7 /* PingAppProtoTests.m */ = {isa = PBXFileReference; lastKnownFileType = sourcecode.c.objc; path = PingAppProtoTests.m; sourceTree = "<group>"; };
		439502B219F4501A006C6DB7 /* Bolts.framework */ = {isa = PBXFileReference; lastKnownFileType = wrapper.framework; name = Bolts.framework; path = Frameworks/Bolts.framework; sourceTree = "<group>"; };
		439502B319F4501A006C6DB7 /* Parse.framework */ = {isa = PBXFileReference; lastKnownFileType = wrapper.framework; name = Parse.framework; path = Frameworks/Parse.framework; sourceTree = "<group>"; };
		439502B819F45036006C6DB7 /* MapKit.framework */ = {isa = PBXFileReference; lastKnownFileType = wrapper.framework; name = MapKit.framework; path = System/Library/Frameworks/MapKit.framework; sourceTree = SDKROOT; };
		439502BA19F4503F006C6DB7 /* SystemConfiguration.framework */ = {isa = PBXFileReference; lastKnownFileType = wrapper.framework; name = SystemConfiguration.framework; path = System/Library/Frameworks/SystemConfiguration.framework; sourceTree = SDKROOT; };
		439502BC19F45045006C6DB7 /* StoreKit.framework */ = {isa = PBXFileReference; lastKnownFileType = wrapper.framework; name = StoreKit.framework; path = System/Library/Frameworks/StoreKit.framework; sourceTree = SDKROOT; };
		439502BE19F4504E006C6DB7 /* Social.framework */ = {isa = PBXFileReference; lastKnownFileType = wrapper.framework; name = Social.framework; path = System/Library/Frameworks/Social.framework; sourceTree = SDKROOT; };
		439502C019F45055006C6DB7 /* Security.framework */ = {isa = PBXFileReference; lastKnownFileType = wrapper.framework; name = Security.framework; path = System/Library/Frameworks/Security.framework; sourceTree = SDKROOT; };
		439502C219F4505C006C6DB7 /* QuartzCore.framework */ = {isa = PBXFileReference; lastKnownFileType = wrapper.framework; name = QuartzCore.framework; path = System/Library/Frameworks/QuartzCore.framework; sourceTree = SDKROOT; };
		439502C419F45064006C6DB7 /* MobileCoreServices.framework */ = {isa = PBXFileReference; lastKnownFileType = wrapper.framework; name = MobileCoreServices.framework; path = System/Library/Frameworks/MobileCoreServices.framework; sourceTree = SDKROOT; };
		439502C619F4506B006C6DB7 /* libz.dylib */ = {isa = PBXFileReference; lastKnownFileType = "compiled.mach-o.dylib"; name = libz.dylib; path = usr/lib/libz.dylib; sourceTree = SDKROOT; };
		439502C819F45072006C6DB7 /* CoreLocation.framework */ = {isa = PBXFileReference; lastKnownFileType = wrapper.framework; name = CoreLocation.framework; path = System/Library/Frameworks/CoreLocation.framework; sourceTree = SDKROOT; };
		439502CA19F45078006C6DB7 /* CoreGraphics.framework */ = {isa = PBXFileReference; lastKnownFileType = wrapper.framework; name = CoreGraphics.framework; path = System/Library/Frameworks/CoreGraphics.framework; sourceTree = SDKROOT; };
		439502CC19F4507F006C6DB7 /* CFNetwork.framework */ = {isa = PBXFileReference; lastKnownFileType = wrapper.framework; name = CFNetwork.framework; path = System/Library/Frameworks/CFNetwork.framework; sourceTree = SDKROOT; };
		439502CE19F45085006C6DB7 /* AudioToolbox.framework */ = {isa = PBXFileReference; lastKnownFileType = wrapper.framework; name = AudioToolbox.framework; path = System/Library/Frameworks/AudioToolbox.framework; sourceTree = SDKROOT; };
		439502D019F4508A006C6DB7 /* Accounts.framework */ = {isa = PBXFileReference; lastKnownFileType = wrapper.framework; name = Accounts.framework; path = System/Library/Frameworks/Accounts.framework; sourceTree = SDKROOT; };
		439502DF19F451DD006C6DB7 /* Constants.h */ = {isa = PBXFileReference; fileEncoding = 4; lastKnownFileType = sourcecode.c.h; path = Constants.h; sourceTree = "<group>"; };
		439502E019F45986006C6DB7 /* Default-568h@2x.png */ = {isa = PBXFileReference; lastKnownFileType = image.png; path = "Default-568h@2x.png"; sourceTree = "<group>"; };
		439502EA19F461DE006C6DB7 /* Launch Screen.xib */ = {isa = PBXFileReference; fileEncoding = 4; lastKnownFileType = file.xib; path = "Launch Screen.xib"; sourceTree = "<group>"; };
/* End PBXFileReference section */

/* Begin PBXFrameworksBuildPhase section */
		4395028519F44EEB006C6DB7 /* Frameworks */ = {
			isa = PBXFrameworksBuildPhase;
			buildActionMask = 2147483647;
			files = (
				439502DE19F4512E006C6DB7 /* Accounts.framework in Frameworks */,
				439502DD19F45127006C6DB7 /* AudioToolbox.framework in Frameworks */,
				439502DC19F4511F006C6DB7 /* CFNetwork.framework in Frameworks */,
				439502DB19F45118006C6DB7 /* CoreGraphics.framework in Frameworks */,
				439502DA19F45112006C6DB7 /* CoreLocation.framework in Frameworks */,
				439502D919F4510C006C6DB7 /* libz.dylib in Frameworks */,
				439502D819F45106006C6DB7 /* MobileCoreServices.framework in Frameworks */,
				439502D719F45100006C6DB7 /* QuartzCore.framework in Frameworks */,
				439502D619F450F9006C6DB7 /* Security.framework in Frameworks */,
				439502D519F450F3006C6DB7 /* Social.framework in Frameworks */,
				439502D419F450EE006C6DB7 /* StoreKit.framework in Frameworks */,
				439502D319F450E6006C6DB7 /* SystemConfiguration.framework in Frameworks */,
				439502D219F450DB006C6DB7 /* MapKit.framework in Frameworks */,
				439502B519F4501A006C6DB7 /* Parse.framework in Frameworks */,
				439502B419F4501A006C6DB7 /* Bolts.framework in Frameworks */,
			);
			runOnlyForDeploymentPostprocessing = 0;
		};
		4395029E19F44EEB006C6DB7 /* Frameworks */ = {
			isa = PBXFrameworksBuildPhase;
			buildActionMask = 2147483647;
			files = (
				439502D119F4508A006C6DB7 /* Accounts.framework in Frameworks */,
				439502CF19F45085006C6DB7 /* AudioToolbox.framework in Frameworks */,
				439502CD19F4507F006C6DB7 /* CFNetwork.framework in Frameworks */,
				439502CB19F45078006C6DB7 /* CoreGraphics.framework in Frameworks */,
				439502C919F45072006C6DB7 /* CoreLocation.framework in Frameworks */,
				439502C719F4506B006C6DB7 /* libz.dylib in Frameworks */,
				439502C519F45064006C6DB7 /* MobileCoreServices.framework in Frameworks */,
				439502C319F4505C006C6DB7 /* QuartzCore.framework in Frameworks */,
				439502C119F45055006C6DB7 /* Security.framework in Frameworks */,
				439502BF19F4504E006C6DB7 /* Social.framework in Frameworks */,
				439502BD19F45045006C6DB7 /* StoreKit.framework in Frameworks */,
				439502BB19F4503F006C6DB7 /* SystemConfiguration.framework in Frameworks */,
				439502B919F45036006C6DB7 /* MapKit.framework in Frameworks */,
				439502B619F4502C006C6DB7 /* Bolts.framework in Frameworks */,
				439502B719F4502C006C6DB7 /* Parse.framework in Frameworks */,
			);
			runOnlyForDeploymentPostprocessing = 0;
		};
/* End PBXFrameworksBuildPhase section */

/* Begin PBXGroup section */
		4395027F19F44EEA006C6DB7 = {
			isa = PBXGroup;
			children = (
				439502EA19F461DE006C6DB7 /* Launch Screen.xib */,
				439502E019F45986006C6DB7 /* Default-568h@2x.png */,
				4395028A19F44EEB006C6DB7 /* PingAppProto */,
				439502A419F44EEB006C6DB7 /* PingAppProtoTests */,
				439502B119F44FD4006C6DB7 /* Frameworks */,
				4395028919F44EEB006C6DB7 /* Products */,
			);
			sourceTree = "<group>";
		};
		4395028919F44EEB006C6DB7 /* Products */ = {
			isa = PBXGroup;
			children = (
				4395028819F44EEB006C6DB7 /* PingAppProto.app */,
				439502A119F44EEB006C6DB7 /* PingAppProtoTests.xctest */,
			);
			name = Products;
			sourceTree = "<group>";
		};
		4395028A19F44EEB006C6DB7 /* PingAppProto */ = {
			isa = PBXGroup;
			children = (
				4395028F19F44EEB006C6DB7 /* AppDelegate.h */,
				4395029019F44EEB006C6DB7 /* AppDelegate.m */,
				4395029219F44EEB006C6DB7 /* ViewController.h */,
				4395029319F44EEB006C6DB7 /* ViewController.m */,
				4395029819F44EEB006C6DB7 /* Images.xcassets */,
				4395028B19F44EEB006C6DB7 /* Supporting Files */,
				439502DF19F451DD006C6DB7 /* Constants.h */,
			);
			path = PingAppProto;
			sourceTree = "<group>";
		};
		4395028B19F44EEB006C6DB7 /* Supporting Files */ = {
			isa = PBXGroup;
			children = (
				4395028C19F44EEB006C6DB7 /* Info.plist */,
				4395028D19F44EEB006C6DB7 /* main.m */,
			);
			name = "Supporting Files";
			sourceTree = "<group>";
		};
		439502A419F44EEB006C6DB7 /* PingAppProtoTests */ = {
			isa = PBXGroup;
			children = (
				439502A719F44EEB006C6DB7 /* PingAppProtoTests.m */,
				439502A519F44EEB006C6DB7 /* Supporting Files */,
			);
			path = PingAppProtoTests;
			sourceTree = "<group>";
		};
		439502A519F44EEB006C6DB7 /* Supporting Files */ = {
			isa = PBXGroup;
			children = (
				439502A619F44EEB006C6DB7 /* Info.plist */,
			);
			name = "Supporting Files";
			sourceTree = "<group>";
		};
		439502B119F44FD4006C6DB7 /* Frameworks */ = {
			isa = PBXGroup;
			children = (
				439502D019F4508A006C6DB7 /* Accounts.framework */,
				439502CE19F45085006C6DB7 /* AudioToolbox.framework */,
				439502CC19F4507F006C6DB7 /* CFNetwork.framework */,
				439502CA19F45078006C6DB7 /* CoreGraphics.framework */,
				439502C819F45072006C6DB7 /* CoreLocation.framework */,
				439502C619F4506B006C6DB7 /* libz.dylib */,
				439502C419F45064006C6DB7 /* MobileCoreServices.framework */,
				439502C219F4505C006C6DB7 /* QuartzCore.framework */,
				439502C019F45055006C6DB7 /* Security.framework */,
				439502BE19F4504E006C6DB7 /* Social.framework */,
				439502BC19F45045006C6DB7 /* StoreKit.framework */,
				439502BA19F4503F006C6DB7 /* SystemConfiguration.framework */,
				439502B819F45036006C6DB7 /* MapKit.framework */,
				439502B219F4501A006C6DB7 /* Bolts.framework */,
				439502B319F4501A006C6DB7 /* Parse.framework */,
			);
			name = Frameworks;
			sourceTree = "<group>";
		};
/* End PBXGroup section */

/* Begin PBXNativeTarget section */
		4395028719F44EEB006C6DB7 /* PingAppProto */ = {
			isa = PBXNativeTarget;
			buildConfigurationList = 439502AB19F44EEB006C6DB7 /* Build configuration list for PBXNativeTarget "PingAppProto" */;
			buildPhases = (
				4395028419F44EEB006C6DB7 /* Sources */,
				4395028519F44EEB006C6DB7 /* Frameworks */,
				4395028619F44EEB006C6DB7 /* Resources */,
			);
			buildRules = (
			);
			dependencies = (
			);
			name = PingAppProto;
			productName = PingAppProto;
			productReference = 4395028819F44EEB006C6DB7 /* PingAppProto.app */;
			productType = "com.apple.product-type.application";
		};
		439502A019F44EEB006C6DB7 /* PingAppProtoTests */ = {
			isa = PBXNativeTarget;
			buildConfigurationList = 439502AE19F44EEB006C6DB7 /* Build configuration list for PBXNativeTarget "PingAppProtoTests" */;
			buildPhases = (
				4395029D19F44EEB006C6DB7 /* Sources */,
				4395029E19F44EEB006C6DB7 /* Frameworks */,
				4395029F19F44EEB006C6DB7 /* Resources */,
			);
			buildRules = (
			);
			dependencies = (
				439502A319F44EEB006C6DB7 /* PBXTargetDependency */,
			);
			name = PingAppProtoTests;
			productName = PingAppProtoTests;
			productReference = 439502A119F44EEB006C6DB7 /* PingAppProtoTests.xctest */;
			productType = "com.apple.product-type.bundle.unit-test";
		};
/* End PBXNativeTarget section */

/* Begin PBXProject section */
		4395028019F44EEA006C6DB7 /* Project object */ = {
			isa = PBXProject;
			attributes = {
				LastUpgradeCheck = 0600;
				ORGANIZATIONNAME = "Clarke Bishop";
				TargetAttributes = {
					4395028719F44EEB006C6DB7 = {
						CreatedOnToolsVersion = 6.0.1;
					};
					439502A019F44EEB006C6DB7 = {
						CreatedOnToolsVersion = 6.0.1;
						TestTargetID = 4395028719F44EEB006C6DB7;
					};
				};
			};
			buildConfigurationList = 4395028319F44EEA006C6DB7 /* Build configuration list for PBXProject "PingAppProto" */;
			compatibilityVersion = "Xcode 3.2";
			developmentRegion = English;
			hasScannedForEncodings = 0;
			knownRegions = (
				en,
				Base,
			);
			mainGroup = 4395027F19F44EEA006C6DB7;
			productRefGroup = 4395028919F44EEB006C6DB7 /* Products */;
			projectDirPath = "";
			projectRoot = "";
			targets = (
				4395028719F44EEB006C6DB7 /* PingAppProto */,
				439502A019F44EEB006C6DB7 /* PingAppProtoTests */,
			);
		};
/* End PBXProject section */

/* Begin PBXResourcesBuildPhase section */
		4395028619F44EEB006C6DB7 /* Resources */ = {
			isa = PBXResourcesBuildPhase;
			buildActionMask = 2147483647;
			files = (
				4395029919F44EEB006C6DB7 /* Images.xcassets in Resources */,
				439502EB19F461DE006C6DB7 /* Launch Screen.xib in Resources */,
				439502E119F45986006C6DB7 /* Default-568h@2x.png in Resources */,
			);
			runOnlyForDeploymentPostprocessing = 0;
		};
		4395029F19F44EEB006C6DB7 /* Resources */ = {
			isa = PBXResourcesBuildPhase;
			buildActionMask = 2147483647;
			files = (
			);
			runOnlyForDeploymentPostprocessing = 0;
		};
/* End PBXResourcesBuildPhase section */

/* Begin PBXSourcesBuildPhase section */
		4395028419F44EEB006C6DB7 /* Sources */ = {
			isa = PBXSourcesBuildPhase;
			buildActionMask = 2147483647;
			files = (
				4395029419F44EEB006C6DB7 /* ViewController.m in Sources */,
				4395029119F44EEB006C6DB7 /* AppDelegate.m in Sources */,
				4395028E19F44EEB006C6DB7 /* main.m in Sources */,
			);
			runOnlyForDeploymentPostprocessing = 0;
		};
		4395029D19F44EEB006C6DB7 /* Sources */ = {
			isa = PBXSourcesBuildPhase;
			buildActionMask = 2147483647;
			files = (
				439502A819F44EEB006C6DB7 /* PingAppProtoTests.m in Sources */,
			);
			runOnlyForDeploymentPostprocessing = 0;
		};
/* End PBXSourcesBuildPhase section */

/* Begin PBXTargetDependency section */
		439502A319F44EEB006C6DB7 /* PBXTargetDependency */ = {
			isa = PBXTargetDependency;
			target = 4395028719F44EEB006C6DB7 /* PingAppProto */;
			targetProxy = 439502A219F44EEB006C6DB7 /* PBXContainerItemProxy */;
		};
/* End PBXTargetDependency section */

/* Begin XCBuildConfiguration section */
		439502A919F44EEB006C6DB7 /* Debug */ = {
			isa = XCBuildConfiguration;
			buildSettings = {
				ALWAYS_SEARCH_USER_PATHS = NO;
				CLANG_CXX_LANGUAGE_STANDARD = "gnu++0x";
				CLANG_CXX_LIBRARY = "libc++";
				CLANG_ENABLE_MODULES = YES;
				CLANG_ENABLE_OBJC_ARC = YES;
				CLANG_WARN_BOOL_CONVERSION = YES;
				CLANG_WARN_CONSTANT_CONVERSION = YES;
				CLANG_WARN_DIRECT_OBJC_ISA_USAGE = YES_ERROR;
				CLANG_WARN_EMPTY_BODY = YES;
				CLANG_WARN_ENUM_CONVERSION = YES;
				CLANG_WARN_INT_CONVERSION = YES;
				CLANG_WARN_OBJC_ROOT_CLASS = YES_ERROR;
				CLANG_WARN_UNREACHABLE_CODE = YES;
				CLANG_WARN__DUPLICATE_METHOD_MATCH = YES;
				"CODE_SIGN_IDENTITY[sdk=iphoneos*]" = "iPhone Developer";
				COPY_PHASE_STRIP = NO;
				ENABLE_STRICT_OBJC_MSGSEND = YES;
				GCC_C_LANGUAGE_STANDARD = gnu99;
				GCC_DYNAMIC_NO_PIC = NO;
				GCC_OPTIMIZATION_LEVEL = 0;
				GCC_PREPROCESSOR_DEFINITIONS = (
					"DEBUG=1",
					"$(inherited)",
				);
				GCC_SYMBOLS_PRIVATE_EXTERN = NO;
				GCC_WARN_64_TO_32_BIT_CONVERSION = YES;
				GCC_WARN_ABOUT_RETURN_TYPE = YES_ERROR;
				GCC_WARN_UNDECLARED_SELECTOR = YES;
				GCC_WARN_UNINITIALIZED_AUTOS = YES_AGGRESSIVE;
				GCC_WARN_UNUSED_FUNCTION = YES;
				GCC_WARN_UNUSED_VARIABLE = YES;
				IPHONEOS_DEPLOYMENT_TARGET = 8.0;
				MTL_ENABLE_DEBUG_INFO = YES;
				ONLY_ACTIVE_ARCH = YES;
				SDKROOT = iphoneos;
				TARGETED_DEVICE_FAMILY = "1,2";
			};
			name = Debug;
		};
		439502AA19F44EEB006C6DB7 /* Release */ = {
			isa = XCBuildConfiguration;
			buildSettings = {
				ALWAYS_SEARCH_USER_PATHS = NO;
				CLANG_CXX_LANGUAGE_STANDARD = "gnu++0x";
				CLANG_CXX_LIBRARY = "libc++";
				CLANG_ENABLE_MODULES = YES;
				CLANG_ENABLE_OBJC_ARC = YES;
				CLANG_WARN_BOOL_CONVERSION = YES;
				CLANG_WARN_CONSTANT_CONVERSION = YES;
				CLANG_WARN_DIRECT_OBJC_ISA_USAGE = YES_ERROR;
				CLANG_WARN_EMPTY_BODY = YES;
				CLANG_WARN_ENUM_CONVERSION = YES;
				CLANG_WARN_INT_CONVERSION = YES;
				CLANG_WARN_OBJC_ROOT_CLASS = YES_ERROR;
				CLANG_WARN_UNREACHABLE_CODE = YES;
				CLANG_WARN__DUPLICATE_METHOD_MATCH = YES;
				"CODE_SIGN_IDENTITY[sdk=iphoneos*]" = "iPhone Developer";
				COPY_PHASE_STRIP = YES;
				ENABLE_NS_ASSERTIONS = NO;
				ENABLE_STRICT_OBJC_MSGSEND = YES;
				GCC_C_LANGUAGE_STANDARD = gnu99;
				GCC_WARN_64_TO_32_BIT_CONVERSION = YES;
				GCC_WARN_ABOUT_RETURN_TYPE = YES_ERROR;
				GCC_WARN_UNDECLARED_SELECTOR = YES;
				GCC_WARN_UNINITIALIZED_AUTOS = YES_AGGRESSIVE;
				GCC_WARN_UNUSED_FUNCTION = YES;
				GCC_WARN_UNUSED_VARIABLE = YES;
				IPHONEOS_DEPLOYMENT_TARGET = 8.0;
				MTL_ENABLE_DEBUG_INFO = NO;
				SDKROOT = iphoneos;
				TARGETED_DEVICE_FAMILY = "1,2";
				VALIDATE_PRODUCT = YES;
			};
			name = Release;
		};
		439502AC19F44EEB006C6DB7 /* Debug */ = {
			isa = XCBuildConfiguration;
			buildSettings = {
				ASSETCATALOG_COMPILER_APPICON_NAME = AppIcon;
				ASSETCATALOG_COMPILER_LAUNCHIMAGE_NAME = LaunchImage;
				FRAMEWORK_SEARCH_PATHS = (
					"$(inherited)",
					"$(PROJECT_DIR)/Frameworks",
				);
				INFOPLIST_FILE = PingAppProto/Info.plist;
				LD_RUNPATH_SEARCH_PATHS = "$(inherited) @executable_path/Frameworks";
				PRODUCT_NAME = "$(TARGET_NAME)";
			};
			name = Debug;
		};
		439502AD19F44EEB006C6DB7 /* Release */ = {
			isa = XCBuildConfiguration;
			buildSettings = {
				ASSETCATALOG_COMPILER_APPICON_NAME = AppIcon;
				ASSETCATALOG_COMPILER_LAUNCHIMAGE_NAME = LaunchImage;
				FRAMEWORK_SEARCH_PATHS = (
					"$(inherited)",
					"$(PROJECT_DIR)/Frameworks",
				);
				INFOPLIST_FILE = PingAppProto/Info.plist;
				LD_RUNPATH_SEARCH_PATHS = "$(inherited) @executable_path/Frameworks";
				PRODUCT_NAME = "$(TARGET_NAME)";
			};
			name = Release;
		};
		439502AF19F44EEB006C6DB7 /* Debug */ = {
			isa = XCBuildConfiguration;
			buildSettings = {
				BUNDLE_LOADER = "$(TEST_HOST)";
				FRAMEWORK_SEARCH_PATHS = (
					"$(SDKROOT)/Developer/Library/Frameworks",
					"$(inherited)",
					"$(PROJECT_DIR)/Frameworks",
				);
				GCC_PREPROCESSOR_DEFINITIONS = (
					"DEBUG=1",
					"$(inherited)",
				);
				INFOPLIST_FILE = PingAppProtoTests/Info.plist;
				LD_RUNPATH_SEARCH_PATHS = "$(inherited) @executable_path/Frameworks @loader_path/Frameworks";
				PRODUCT_NAME = "$(TARGET_NAME)";
				TEST_HOST = "$(BUILT_PRODUCTS_DIR)/PingAppProto.app/PingAppProto";
			};
			name = Debug;
		};
		439502B019F44EEB006C6DB7 /* Release */ = {
			isa = XCBuildConfiguration;
			buildSettings = {
				BUNDLE_LOADER = "$(TEST_HOST)";
				FRAMEWORK_SEARCH_PATHS = (
					"$(SDKROOT)/Developer/Library/Frameworks",
					"$(inherited)",
					"$(PROJECT_DIR)/Frameworks",
				);
				INFOPLIST_FILE = PingAppProtoTests/Info.plist;
				LD_RUNPATH_SEARCH_PATHS = "$(inherited) @executable_path/Frameworks @loader_path/Frameworks";
				PRODUCT_NAME = "$(TARGET_NAME)";
				TEST_HOST = "$(BUILT_PRODUCTS_DIR)/PingAppProto.app/PingAppProto";
			};
			name = Release;
		};
/* End XCBuildConfiguration section */

/* Begin XCConfigurationList section */
		4395028319F44EEA006C6DB7 /* Build configuration list for PBXProject "PingAppProto" */ = {
			isa = XCConfigurationList;
			buildConfigurations = (
				439502A919F44EEB006C6DB7 /* Debug */,
				439502AA19F44EEB006C6DB7 /* Release */,
			);
			defaultConfigurationIsVisible = 0;
			defaultConfigurationName = Release;
		};
		439502AB19F44EEB006C6DB7 /* Build configuration list for PBXNativeTarget "PingAppProto" */ = {
			isa = XCConfigurationList;
			buildConfigurations = (
				439502AC19F44EEB006C6DB7 /* Debug */,
				439502AD19F44EEB006C6DB7 /* Release */,
			);
			defaultConfigurationIsVisible = 0;
		};
		439502AE19F44EEB006C6DB7 /* Build configuration list for PBXNativeTarget "PingAppProtoTests" */ = {
			isa = XCConfigurationList;
			buildConfigurations = (
				439502AF19F44EEB006C6DB7 /* Debug */,
				439502B019F44EEB006C6DB7 /* Release */,
			);
			defaultConfigurationIsVisible = 0;
		};
/* End XCConfigurationList section */
	};
	rootObject = 4395028019F44EEA006C6DB7 /* Project object */;
}
